// !$*UTF8*$!
{
	archiveVersion = 1;
	classes = {
	};
	objectVersion = 55;
	objects = {

/* Begin PBXBuildFile section */
		2219D61A28B108770084A608 /* Credits.html in Resources */ = {isa = PBXBuildFile; fileRef = 2219D61928B108770084A608 /* Credits.html */; };
		22228E3928BA6EF000AE7F00 /* MediaTests.swift in Sources */ = {isa = PBXBuildFile; fileRef = 22228E3828BA6EF000AE7F00 /* MediaTests.swift */; };
		2226A4CB28A7E44D005876C8 /* UserDefaultsKey.swift in Sources */ = {isa = PBXBuildFile; fileRef = 2226A4CA28A7E44D005876C8 /* UserDefaultsKey.swift */; };
		2226A4CC28A7E44D005876C8 /* UserDefaultsKey.swift in Sources */ = {isa = PBXBuildFile; fileRef = 2226A4CA28A7E44D005876C8 /* UserDefaultsKey.swift */; };
		224C6133288CA9DA0070768D /* Networker.swift in Sources */ = {isa = PBXBuildFile; fileRef = 224C6132288CA9DA0070768D /* Networker.swift */; };
		224C6134288CA9DA0070768D /* Networker.swift in Sources */ = {isa = PBXBuildFile; fileRef = 224C6132288CA9DA0070768D /* Networker.swift */; };
		224E02FB28B407DA00F0E314 /* Localizable.swift in Sources */ = {isa = PBXBuildFile; fileRef = 224E02FA28B407DA00F0E314 /* Localizable.swift */; };
		224E02FC28B407DA00F0E314 /* Localizable.swift in Sources */ = {isa = PBXBuildFile; fileRef = 224E02FA28B407DA00F0E314 /* Localizable.swift */; };
		224E030028B4096E00F0E314 /* Localizable.strings in Resources */ = {isa = PBXBuildFile; fileRef = 224E030328B4096E00F0E314 /* Localizable.strings */; };
		224E030128B4096E00F0E314 /* Localizable.strings in Resources */ = {isa = PBXBuildFile; fileRef = 224E030328B4096E00F0E314 /* Localizable.strings */; };
		226CBD68288C14F500CCD797 /* FlashPopsGameApp.swift in Sources */ = {isa = PBXBuildFile; fileRef = 226CBD40288C14F300CCD797 /* FlashPopsGameApp.swift */; };
		226CBD69288C14F500CCD797 /* FlashPopsGameApp.swift in Sources */ = {isa = PBXBuildFile; fileRef = 226CBD40288C14F300CCD797 /* FlashPopsGameApp.swift */; };
		226CBD6A288C14F500CCD797 /* ContentView.swift in Sources */ = {isa = PBXBuildFile; fileRef = 226CBD41288C14F300CCD797 /* ContentView.swift */; };
		226CBD6B288C14F500CCD797 /* ContentView.swift in Sources */ = {isa = PBXBuildFile; fileRef = 226CBD41288C14F300CCD797 /* ContentView.swift */; };
		226CBD6C288C14F500CCD797 /* Assets.xcassets in Resources */ = {isa = PBXBuildFile; fileRef = 226CBD42288C14F500CCD797 /* Assets.xcassets */; };
		226CBD6D288C14F500CCD797 /* Assets.xcassets in Resources */ = {isa = PBXBuildFile; fileRef = 226CBD42288C14F500CCD797 /* Assets.xcassets */; };
		226CBD7E288C180100CCD797 /* Sidebar.swift in Sources */ = {isa = PBXBuildFile; fileRef = 226CBD7D288C180100CCD797 /* Sidebar.swift */; };
		226CBD7F288C180100CCD797 /* Sidebar.swift in Sources */ = {isa = PBXBuildFile; fileRef = 226CBD7D288C180100CCD797 /* Sidebar.swift */; };
		226CBD81288C1EA600CCD797 /* Store.swift in Sources */ = {isa = PBXBuildFile; fileRef = 226CBD80288C1EA600CCD797 /* Store.swift */; };
		226CBD82288C1EA600CCD797 /* Store.swift in Sources */ = {isa = PBXBuildFile; fileRef = 226CBD80288C1EA600CCD797 /* Store.swift */; };
		226CBD8E288C205C00CCD797 /* movies.json in Resources */ = {isa = PBXBuildFile; fileRef = 226CBD8C288C205C00CCD797 /* movies.json */; };
		226CBD8F288C205C00CCD797 /* movies.json in Resources */ = {isa = PBXBuildFile; fileRef = 226CBD8C288C205C00CCD797 /* movies.json */; };
		226CBD94288C20F900CCD797 /* MediaCategory.swift in Sources */ = {isa = PBXBuildFile; fileRef = 226CBD93288C20F900CCD797 /* MediaCategory.swift */; };
		226CBD95288C20F900CCD797 /* MediaCategory.swift in Sources */ = {isa = PBXBuildFile; fileRef = 226CBD93288C20F900CCD797 /* MediaCategory.swift */; };
		226CBD97288C214600CCD797 /* Level.swift in Sources */ = {isa = PBXBuildFile; fileRef = 226CBD96288C214600CCD797 /* Level.swift */; };
		226CBD98288C214600CCD797 /* Level.swift in Sources */ = {isa = PBXBuildFile; fileRef = 226CBD96288C214600CCD797 /* Level.swift */; };
		226CBD9A288C218700CCD797 /* Media.swift in Sources */ = {isa = PBXBuildFile; fileRef = 226CBD99288C218700CCD797 /* Media.swift */; };
		226CBD9B288C218700CCD797 /* Media.swift in Sources */ = {isa = PBXBuildFile; fileRef = 226CBD99288C218700CCD797 /* Media.swift */; };
		226CBD9E288C232300CCD797 /* FileService.swift in Sources */ = {isa = PBXBuildFile; fileRef = 226CBD9D288C232300CCD797 /* FileService.swift */; };
		226CBD9F288C232300CCD797 /* FileService.swift in Sources */ = {isa = PBXBuildFile; fileRef = 226CBD9D288C232300CCD797 /* FileService.swift */; };
		226CBDA2288C2D8000CCD797 /* DetailScreen.swift in Sources */ = {isa = PBXBuildFile; fileRef = 226CBDA1288C2D8000CCD797 /* DetailScreen.swift */; };
		226CBDA3288C2D8000CCD797 /* DetailScreen.swift in Sources */ = {isa = PBXBuildFile; fileRef = 226CBDA1288C2D8000CCD797 /* DetailScreen.swift */; };
		226CBDB6288C5CE500CCD797 /* AudioPlayerView.swift in Sources */ = {isa = PBXBuildFile; fileRef = 226CBDB5288C5CE500CCD797 /* AudioPlayerView.swift */; };
		226CBDB7288C5CE500CCD797 /* AudioPlayerView.swift in Sources */ = {isa = PBXBuildFile; fileRef = 226CBDB5288C5CE500CCD797 /* AudioPlayerView.swift */; };
		227D729728C37C400000D64B /* DisplayMode.swift in Sources */ = {isa = PBXBuildFile; fileRef = 227D729628C37C400000D64B /* DisplayMode.swift */; };
		227D729928C380D70000D64B /* Toolbar.swift in Sources */ = {isa = PBXBuildFile; fileRef = 227D729828C380D70000D64B /* Toolbar.swift */; };
		227D729F28C3BE040000D64B /* PlayButtonView.swift in Sources */ = {isa = PBXBuildFile; fileRef = 227D729A28C3BE040000D64B /* PlayButtonView.swift */; };
		227D72A028C3BE040000D64B /* PlayButtonView.swift in Sources */ = {isa = PBXBuildFile; fileRef = 227D729A28C3BE040000D64B /* PlayButtonView.swift */; };
		227D72A128C3BE040000D64B /* CardOnHoverView.swift in Sources */ = {isa = PBXBuildFile; fileRef = 227D729B28C3BE040000D64B /* CardOnHoverView.swift */; };
		227D72A228C3BE040000D64B /* CardOnHoverView.swift in Sources */ = {isa = PBXBuildFile; fileRef = 227D729B28C3BE040000D64B /* CardOnHoverView.swift */; };
		227D72A328C3BE040000D64B /* CardView.swift in Sources */ = {isa = PBXBuildFile; fileRef = 227D729C28C3BE040000D64B /* CardView.swift */; };
		227D72A428C3BE040000D64B /* CardView.swift in Sources */ = {isa = PBXBuildFile; fileRef = 227D729C28C3BE040000D64B /* CardView.swift */; };
		227D72A528C3BE040000D64B /* CardErrorView.swift in Sources */ = {isa = PBXBuildFile; fileRef = 227D729D28C3BE040000D64B /* CardErrorView.swift */; };
		227D72A628C3BE040000D64B /* CardErrorView.swift in Sources */ = {isa = PBXBuildFile; fileRef = 227D729D28C3BE040000D64B /* CardErrorView.swift */; };
		227D72A728C3BE040000D64B /* MediaTextField.swift in Sources */ = {isa = PBXBuildFile; fileRef = 227D729E28C3BE040000D64B /* MediaTextField.swift */; };
		227D72A828C3BE040000D64B /* MediaTextField.swift in Sources */ = {isa = PBXBuildFile; fileRef = 227D729E28C3BE040000D64B /* MediaTextField.swift */; };
		227D72AF28C3BE6E0000D64B /* TextFieldClearButton.swift in Sources */ = {isa = PBXBuildFile; fileRef = 227D72AE28C3BE6E0000D64B /* TextFieldClearButton.swift */; };
		227D72B028C3BE6E0000D64B /* TextFieldClearButton.swift in Sources */ = {isa = PBXBuildFile; fileRef = 227D72AE28C3BE6E0000D64B /* TextFieldClearButton.swift */; };
		22CA9215289EDF7E0020ABFE /* CacheAsyncImage.swift in Sources */ = {isa = PBXBuildFile; fileRef = 22CA9214289EDF7E0020ABFE /* CacheAsyncImage.swift */; };
		22CA9216289EDF7E0020ABFE /* CacheAsyncImage.swift in Sources */ = {isa = PBXBuildFile; fileRef = 22CA9214289EDF7E0020ABFE /* CacheAsyncImage.swift */; };
		22CB1D3428B3F2FF009D9933 /* Color+Extension.swift in Sources */ = {isa = PBXBuildFile; fileRef = 22CB1D3328B3F2FF009D9933 /* Color+Extension.swift */; };
		22CB1D3528B3F2FF009D9933 /* Color+Extension.swift in Sources */ = {isa = PBXBuildFile; fileRef = 22CB1D3328B3F2FF009D9933 /* Color+Extension.swift */; };
		22E868CC28C3728A00F3BAEF /* Menus.swift in Sources */ = {isa = PBXBuildFile; fileRef = 22E868CB28C3728A00F3BAEF /* Menus.swift */; };
/* End PBXBuildFile section */

/* Begin PBXContainerItemProxy section */
		22228E3028BA6EC800AE7F00 /* PBXContainerItemProxy */ = {
			isa = PBXContainerItemProxy;
			containerPortal = 226CBD3B288C14F300CCD797 /* Project object */;
			proxyType = 1;
			remoteGlobalIDString = 226CBD4C288C14F500CCD797;
			remoteInfo = "FlashPopsGame (macOS)";
		};
/* End PBXContainerItemProxy section */

/* Begin PBXFileReference section */
		2219D61928B108770084A608 /* Credits.html */ = {isa = PBXFileReference; lastKnownFileType = text.html; path = Credits.html; sourceTree = "<group>"; };
		22228E2C28BA6EC800AE7F00 /* FlashPopsGameTests.xctest */ = {isa = PBXFileReference; explicitFileType = wrapper.cfbundle; includeInIndex = 0; path = FlashPopsGameTests.xctest; sourceTree = BUILT_PRODUCTS_DIR; };
		22228E3728BA6EEF00AE7F00 /* FlashPopsGameTests-Bridging-Header.h */ = {isa = PBXFileReference; lastKnownFileType = sourcecode.c.h; path = "FlashPopsGameTests-Bridging-Header.h"; sourceTree = "<group>"; };
		22228E3828BA6EF000AE7F00 /* MediaTests.swift */ = {isa = PBXFileReference; lastKnownFileType = sourcecode.swift; path = MediaTests.swift; sourceTree = "<group>"; };
		2226A4CA28A7E44D005876C8 /* UserDefaultsKey.swift */ = {isa = PBXFileReference; lastKnownFileType = sourcecode.swift; path = UserDefaultsKey.swift; sourceTree = "<group>"; };
		224C6132288CA9DA0070768D /* Networker.swift */ = {isa = PBXFileReference; lastKnownFileType = sourcecode.swift; path = Networker.swift; sourceTree = "<group>"; };
		224E02FA28B407DA00F0E314 /* Localizable.swift */ = {isa = PBXFileReference; lastKnownFileType = sourcecode.swift; path = Localizable.swift; sourceTree = "<group>"; };
		224E030228B4096E00F0E314 /* pt-BR */ = {isa = PBXFileReference; lastKnownFileType = text.plist.strings; name = "pt-BR"; path = "pt-BR.lproj/Localizable.strings"; sourceTree = "<group>"; };
		224E030428B4097B00F0E314 /* en */ = {isa = PBXFileReference; lastKnownFileType = text.plist.strings; name = en; path = en.lproj/Localizable.strings; sourceTree = "<group>"; };
		226CBD40288C14F300CCD797 /* FlashPopsGameApp.swift */ = {isa = PBXFileReference; lastKnownFileType = sourcecode.swift; path = FlashPopsGameApp.swift; sourceTree = "<group>"; };
		226CBD41288C14F300CCD797 /* ContentView.swift */ = {isa = PBXFileReference; lastKnownFileType = sourcecode.swift; path = ContentView.swift; sourceTree = "<group>"; };
		226CBD42288C14F500CCD797 /* Assets.xcassets */ = {isa = PBXFileReference; lastKnownFileType = folder.assetcatalog; path = Assets.xcassets; sourceTree = "<group>"; };
		226CBD47288C14F500CCD797 /* FlashPopsGame.app */ = {isa = PBXFileReference; explicitFileType = wrapper.application; includeInIndex = 0; path = FlashPopsGame.app; sourceTree = BUILT_PRODUCTS_DIR; };
		226CBD4D288C14F500CCD797 /* FlashPopsGame.app */ = {isa = PBXFileReference; explicitFileType = wrapper.application; includeInIndex = 0; path = FlashPopsGame.app; sourceTree = BUILT_PRODUCTS_DIR; };
		226CBD4F288C14F500CCD797 /* macOS.entitlements */ = {isa = PBXFileReference; lastKnownFileType = text.plist.entitlements; path = macOS.entitlements; sourceTree = "<group>"; };
		226CBD7D288C180100CCD797 /* Sidebar.swift */ = {isa = PBXFileReference; lastKnownFileType = sourcecode.swift; path = Sidebar.swift; sourceTree = "<group>"; };
		226CBD80288C1EA600CCD797 /* Store.swift */ = {isa = PBXFileReference; lastKnownFileType = sourcecode.swift; path = Store.swift; sourceTree = "<group>"; };
		226CBD8D288C205C00CCD797 /* en */ = {isa = PBXFileReference; lastKnownFileType = text.json; name = en; path = en.lproj/movies.json; sourceTree = "<group>"; };
		226CBD91288C207000CCD797 /* pt-BR */ = {isa = PBXFileReference; lastKnownFileType = text.json; name = "pt-BR"; path = "pt-BR.lproj/movies.json"; sourceTree = "<group>"; };
		226CBD93288C20F900CCD797 /* MediaCategory.swift */ = {isa = PBXFileReference; lastKnownFileType = sourcecode.swift; path = MediaCategory.swift; sourceTree = "<group>"; };
		226CBD96288C214600CCD797 /* Level.swift */ = {isa = PBXFileReference; lastKnownFileType = sourcecode.swift; path = Level.swift; sourceTree = "<group>"; };
		226CBD99288C218700CCD797 /* Media.swift */ = {isa = PBXFileReference; lastKnownFileType = sourcecode.swift; path = Media.swift; sourceTree = "<group>"; };
		226CBD9D288C232300CCD797 /* FileService.swift */ = {isa = PBXFileReference; lastKnownFileType = sourcecode.swift; path = FileService.swift; sourceTree = "<group>"; };
		226CBDA1288C2D8000CCD797 /* DetailScreen.swift */ = {isa = PBXFileReference; lastKnownFileType = sourcecode.swift; path = DetailScreen.swift; sourceTree = "<group>"; };
		226CBDB5288C5CE500CCD797 /* AudioPlayerView.swift */ = {isa = PBXFileReference; lastKnownFileType = sourcecode.swift; path = AudioPlayerView.swift; sourceTree = "<group>"; };
		227D729628C37C400000D64B /* DisplayMode.swift */ = {isa = PBXFileReference; lastKnownFileType = sourcecode.swift; path = DisplayMode.swift; sourceTree = "<group>"; };
		227D729828C380D70000D64B /* Toolbar.swift */ = {isa = PBXFileReference; lastKnownFileType = sourcecode.swift; path = Toolbar.swift; sourceTree = "<group>"; };
		227D729A28C3BE040000D64B /* PlayButtonView.swift */ = {isa = PBXFileReference; fileEncoding = 4; lastKnownFileType = sourcecode.swift; path = PlayButtonView.swift; sourceTree = "<group>"; };
		227D729B28C3BE040000D64B /* CardOnHoverView.swift */ = {isa = PBXFileReference; fileEncoding = 4; lastKnownFileType = sourcecode.swift; path = CardOnHoverView.swift; sourceTree = "<group>"; };
		227D729C28C3BE040000D64B /* CardView.swift */ = {isa = PBXFileReference; fileEncoding = 4; lastKnownFileType = sourcecode.swift; path = CardView.swift; sourceTree = "<group>"; };
		227D729D28C3BE040000D64B /* CardErrorView.swift */ = {isa = PBXFileReference; fileEncoding = 4; lastKnownFileType = sourcecode.swift; path = CardErrorView.swift; sourceTree = "<group>"; };
		227D729E28C3BE040000D64B /* MediaTextField.swift */ = {isa = PBXFileReference; fileEncoding = 4; lastKnownFileType = sourcecode.swift; path = MediaTextField.swift; sourceTree = "<group>"; };
		227D72AE28C3BE6E0000D64B /* TextFieldClearButton.swift */ = {isa = PBXFileReference; fileEncoding = 4; lastKnownFileType = sourcecode.swift; path = TextFieldClearButton.swift; sourceTree = "<group>"; };
		22CA9214289EDF7E0020ABFE /* CacheAsyncImage.swift */ = {isa = PBXFileReference; lastKnownFileType = sourcecode.swift; path = CacheAsyncImage.swift; sourceTree = "<group>"; };
		22CB1D3328B3F2FF009D9933 /* Color+Extension.swift */ = {isa = PBXFileReference; lastKnownFileType = sourcecode.swift; path = "Color+Extension.swift"; sourceTree = "<group>"; };
		22E868CB28C3728A00F3BAEF /* Menus.swift */ = {isa = PBXFileReference; lastKnownFileType = sourcecode.swift; path = Menus.swift; sourceTree = "<group>"; };
/* End PBXFileReference section */

/* Begin PBXFrameworksBuildPhase section */
		22228E2928BA6EC800AE7F00 /* Frameworks */ = {
			isa = PBXFrameworksBuildPhase;
			buildActionMask = 2147483647;
			files = (
			);
			runOnlyForDeploymentPostprocessing = 0;
		};
		226CBD44288C14F500CCD797 /* Frameworks */ = {
			isa = PBXFrameworksBuildPhase;
			buildActionMask = 2147483647;
			files = (
			);
			runOnlyForDeploymentPostprocessing = 0;
		};
		226CBD4A288C14F500CCD797 /* Frameworks */ = {
			isa = PBXFrameworksBuildPhase;
			buildActionMask = 2147483647;
			files = (
			);
			runOnlyForDeploymentPostprocessing = 0;
		};
/* End PBXFrameworksBuildPhase section */

/* Begin PBXGroup section */
		22228E2D28BA6EC800AE7F00 /* FlashPopsGameTests */ = {
			isa = PBXGroup;
			children = (
				22228E3528BA6ED700AE7F00 /* Source */,
			);
			path = FlashPopsGameTests;
			sourceTree = "<group>";
		};
		22228E3528BA6ED700AE7F00 /* Source */ = {
			isa = PBXGroup;
			children = (
				22228E3628BA6EDE00AE7F00 /* Model */,
			);
			path = Source;
			sourceTree = "<group>";
		};
		22228E3628BA6EDE00AE7F00 /* Model */ = {
			isa = PBXGroup;
			children = (
				22228E3828BA6EF000AE7F00 /* MediaTests.swift */,
				22228E3728BA6EEF00AE7F00 /* FlashPopsGameTests-Bridging-Header.h */,
			);
			path = Model;
			sourceTree = "<group>";
		};
		2226A4C928A7E394005876C8 /* FileService */ = {
			isa = PBXGroup;
			children = (
				226CBD9D288C232300CCD797 /* FileService.swift */,
				2226A4CA28A7E44D005876C8 /* UserDefaultsKey.swift */,
			);
			path = FileService;
			sourceTree = "<group>";
		};
		224C6131288CA9BB0070768D /* Utilities */ = {
			isa = PBXGroup;
			children = (
				224E02F928B407C800F0E314 /* Localizable */,
				2226A4C928A7E394005876C8 /* FileService */,
				22CA9218289EE0700020ABFE /* Network */,
				22CA9217289EE0630020ABFE /* Cache */,
			);
			path = Utilities;
			sourceTree = "<group>";
		};
		224E02F928B407C800F0E314 /* Localizable */ = {
			isa = PBXGroup;
			children = (
				224E02FA28B407DA00F0E314 /* Localizable.swift */,
			);
			path = Localizable;
			sourceTree = "<group>";
		};
		226CBD3A288C14F300CCD797 = {
			isa = PBXGroup;
			children = (
				226CBD3F288C14F300CCD797 /* Shared */,
				226CBD4E288C14F500CCD797 /* macOS */,
				22228E2D28BA6EC800AE7F00 /* FlashPopsGameTests */,
				226CBD48288C14F500CCD797 /* Products */,
			);
			sourceTree = "<group>";
		};
		226CBD3F288C14F300CCD797 /* Shared */ = {
			isa = PBXGroup;
			children = (
				226CBD84288C1EBD00CCD797 /* Source */,
				226CBD83288C1EB000CCD797 /* Resources */,
			);
			path = Shared;
			sourceTree = "<group>";
		};
		226CBD48288C14F500CCD797 /* Products */ = {
			isa = PBXGroup;
			children = (
				226CBD47288C14F500CCD797 /* FlashPopsGame.app */,
				226CBD4D288C14F500CCD797 /* FlashPopsGame.app */,
				22228E2C28BA6EC800AE7F00 /* FlashPopsGameTests.xctest */,
			);
			name = Products;
			sourceTree = "<group>";
		};
		226CBD4E288C14F500CCD797 /* macOS */ = {
			isa = PBXGroup;
			children = (
				226CBD4F288C14F500CCD797 /* macOS.entitlements */,
			);
			path = macOS;
			sourceTree = "<group>";
		};
		226CBD7C288C17ED00CCD797 /* Sidebar */ = {
			isa = PBXGroup;
			children = (
				226CBD7D288C180100CCD797 /* Sidebar.swift */,
			);
			path = Sidebar;
			sourceTree = "<group>";
		};
		226CBD83288C1EB000CCD797 /* Resources */ = {
			isa = PBXGroup;
			children = (
				226CBD8C288C205C00CCD797 /* movies.json */,
				226CBD42288C14F500CCD797 /* Assets.xcassets */,
				2219D61928B108770084A608 /* Credits.html */,
				224E030328B4096E00F0E314 /* Localizable.strings */,
			);
			path = Resources;
			sourceTree = "<group>";
		};
		226CBD84288C1EBD00CCD797 /* Source */ = {
			isa = PBXGroup;
			children = (
				227D72AD28C3BE5F0000D64B /* Modifiers */,
				22E868CA28C3725400F3BAEF /* Controls */,
				22CB1D3228B3F2E6009D9933 /* Extensions */,
				22AF948E288F410E008C2606 /* Components */,
				224C6131288CA9BB0070768D /* Utilities */,
				226CBDA4288C590600CCD797 /* AudioPlayer */,
				226CBDA0288C2D6200CCD797 /* Screens */,
				226CBD9C288C222B00CCD797 /* Store */,
				226CBD92288C20C300CCD797 /* Model */,
				226CBD41288C14F300CCD797 /* ContentView.swift */,
				226CBD40288C14F300CCD797 /* FlashPopsGameApp.swift */,
				226CBD7C288C17ED00CCD797 /* Sidebar */,
			);
			path = Source;
			sourceTree = "<group>";
		};
		226CBD92288C20C300CCD797 /* Model */ = {
			isa = PBXGroup;
			children = (
				226CBD93288C20F900CCD797 /* MediaCategory.swift */,
				226CBD96288C214600CCD797 /* Level.swift */,
				226CBD99288C218700CCD797 /* Media.swift */,
			);
			path = Model;
			sourceTree = "<group>";
		};
		226CBD9C288C222B00CCD797 /* Store */ = {
			isa = PBXGroup;
			children = (
				226CBD80288C1EA600CCD797 /* Store.swift */,
			);
			path = Store;
			sourceTree = "<group>";
		};
		226CBDA0288C2D6200CCD797 /* Screens */ = {
			isa = PBXGroup;
			children = (
				226CBDA1288C2D8000CCD797 /* DetailScreen.swift */,
			);
			path = Screens;
			sourceTree = "<group>";
		};
		226CBDA4288C590600CCD797 /* AudioPlayer */ = {
			isa = PBXGroup;
			children = (
				226CBDB1288C5C5000CCD797 /* View */,
			);
			path = AudioPlayer;
			sourceTree = "<group>";
		};
		226CBDB1288C5C5000CCD797 /* View */ = {
			isa = PBXGroup;
			children = (
				226CBDB5288C5CE500CCD797 /* AudioPlayerView.swift */,
			);
			path = View;
			sourceTree = "<group>";
		};
		227D729528C37C2D0000D64B /* Model */ = {
			isa = PBXGroup;
			children = (
				227D729628C37C400000D64B /* DisplayMode.swift */,
			);
			path = Model;
			sourceTree = "<group>";
		};
		227D72A928C3BE070000D64B /* Card */ = {
			isa = PBXGroup;
			children = (
				227D729C28C3BE040000D64B /* CardView.swift */,
				227D729B28C3BE040000D64B /* CardOnHoverView.swift */,
				227D729D28C3BE040000D64B /* CardErrorView.swift */,
			);
			path = Card;
			sourceTree = "<group>";
		};
		227D72AA28C3BE180000D64B /* PlayButton */ = {
			isa = PBXGroup;
			children = (
				227D729A28C3BE040000D64B /* PlayButtonView.swift */,
			);
			path = PlayButton;
			sourceTree = "<group>";
		};
		227D72AB28C3BE240000D64B /* TextField */ = {
			isa = PBXGroup;
			children = (
				227D729E28C3BE040000D64B /* MediaTextField.swift */,
			);
			path = TextField;
			sourceTree = "<group>";
		};
		227D72AD28C3BE5F0000D64B /* Modifiers */ = {
			isa = PBXGroup;
			children = (
				227D72AE28C3BE6E0000D64B /* TextFieldClearButton.swift */,
			);
			path = Modifiers;
			sourceTree = "<group>";
		};
		22AF948E288F410E008C2606 /* Components */ = {
			isa = PBXGroup;
			children = (
				227D72AB28C3BE240000D64B /* TextField */,
				227D72AA28C3BE180000D64B /* PlayButton */,
				227D72A928C3BE070000D64B /* Card */,
			);
			path = Components;
			sourceTree = "<group>";
		};
		22CA9217289EE0630020ABFE /* Cache */ = {
			isa = PBXGroup;
			children = (
				22CA9214289EDF7E0020ABFE /* CacheAsyncImage.swift */,
			);
			path = Cache;
			sourceTree = "<group>";
		};
		22CA9218289EE0700020ABFE /* Network */ = {
			isa = PBXGroup;
			children = (
				224C6132288CA9DA0070768D /* Networker.swift */,
			);
			path = Network;
			sourceTree = "<group>";
		};
		22CB1D3228B3F2E6009D9933 /* Extensions */ = {
			isa = PBXGroup;
			children = (
				22CB1D3328B3F2FF009D9933 /* Color+Extension.swift */,
			);
			path = Extensions;
			sourceTree = "<group>";
		};
		22E868CA28C3725400F3BAEF /* Controls */ = {
			isa = PBXGroup;
			children = (
				227D729528C37C2D0000D64B /* Model */,
				22E868CB28C3728A00F3BAEF /* Menus.swift */,
				227D729828C380D70000D64B /* Toolbar.swift */,
			);
			path = Controls;
			sourceTree = "<group>";
		};
/* End PBXGroup section */

/* Begin PBXNativeTarget section */
		22228E2B28BA6EC800AE7F00 /* FlashPopsGameTests */ = {
			isa = PBXNativeTarget;
			buildConfigurationList = 22228E3228BA6EC800AE7F00 /* Build configuration list for PBXNativeTarget "FlashPopsGameTests" */;
			buildPhases = (
				22228E2828BA6EC800AE7F00 /* Sources */,
				22228E2928BA6EC800AE7F00 /* Frameworks */,
				22228E2A28BA6EC800AE7F00 /* Resources */,
			);
			buildRules = (
			);
			dependencies = (
				22228E3128BA6EC800AE7F00 /* PBXTargetDependency */,
			);
			name = FlashPopsGameTests;
			productName = FlashPopsGameTests;
			productReference = 22228E2C28BA6EC800AE7F00 /* FlashPopsGameTests.xctest */;
			productType = "com.apple.product-type.bundle.unit-test";
		};
		226CBD46288C14F500CCD797 /* FlashPopsGame (iOS) */ = {
			isa = PBXNativeTarget;
			buildConfigurationList = 226CBD70288C14F500CCD797 /* Build configuration list for PBXNativeTarget "FlashPopsGame (iOS)" */;
			buildPhases = (
				226CBD43288C14F500CCD797 /* Sources */,
				226CBD44288C14F500CCD797 /* Frameworks */,
				226CBD45288C14F500CCD797 /* Resources */,
			);
			buildRules = (
			);
			dependencies = (
			);
			name = "FlashPopsGame (iOS)";
			productName = "FlashPopsGame (iOS)";
			productReference = 226CBD47288C14F500CCD797 /* FlashPopsGame.app */;
			productType = "com.apple.product-type.application";
		};
		226CBD4C288C14F500CCD797 /* FlashPopsGame (macOS) */ = {
			isa = PBXNativeTarget;
			buildConfigurationList = 226CBD73288C14F500CCD797 /* Build configuration list for PBXNativeTarget "FlashPopsGame (macOS)" */;
			buildPhases = (
				226CBD49288C14F500CCD797 /* Sources */,
				226CBD4A288C14F500CCD797 /* Frameworks */,
				226CBD4B288C14F500CCD797 /* Resources */,
			);
			buildRules = (
			);
			dependencies = (
			);
			name = "FlashPopsGame (macOS)";
			productName = "FlashPopsGame (macOS)";
			productReference = 226CBD4D288C14F500CCD797 /* FlashPopsGame.app */;
			productType = "com.apple.product-type.application";
		};
/* End PBXNativeTarget section */

/* Begin PBXProject section */
		226CBD3B288C14F300CCD797 /* Project object */ = {
			isa = PBXProject;
			attributes = {
				BuildIndependentTargetsInParallel = 1;
				LastSwiftUpdateCheck = 1330;
				LastUpgradeCheck = 1330;
				TargetAttributes = {
					22228E2B28BA6EC800AE7F00 = {
						CreatedOnToolsVersion = 13.3.1;
						LastSwiftMigration = 1330;
						TestTargetID = 226CBD4C288C14F500CCD797;
					};
					226CBD46288C14F500CCD797 = {
						CreatedOnToolsVersion = 13.3.1;
					};
					226CBD4C288C14F500CCD797 = {
						CreatedOnToolsVersion = 13.3.1;
					};
				};
			};
			buildConfigurationList = 226CBD3E288C14F300CCD797 /* Build configuration list for PBXProject "FlashPopsGame" */;
			compatibilityVersion = "Xcode 13.0";
			developmentRegion = en;
			hasScannedForEncodings = 0;
			knownRegions = (
				en,
				Base,
				"pt-BR",
			);
			mainGroup = 226CBD3A288C14F300CCD797;
			productRefGroup = 226CBD48288C14F500CCD797 /* Products */;
			projectDirPath = "";
			projectRoot = "";
			targets = (
				226CBD46288C14F500CCD797 /* FlashPopsGame (iOS) */,
				226CBD4C288C14F500CCD797 /* FlashPopsGame (macOS) */,
				22228E2B28BA6EC800AE7F00 /* FlashPopsGameTests */,
			);
		};
/* End PBXProject section */

/* Begin PBXResourcesBuildPhase section */
		22228E2A28BA6EC800AE7F00 /* Resources */ = {
			isa = PBXResourcesBuildPhase;
			buildActionMask = 2147483647;
			files = (
			);
			runOnlyForDeploymentPostprocessing = 0;
		};
		226CBD45288C14F500CCD797 /* Resources */ = {
			isa = PBXResourcesBuildPhase;
			buildActionMask = 2147483647;
			files = (
				224E030028B4096E00F0E314 /* Localizable.strings in Resources */,
				226CBD8E288C205C00CCD797 /* movies.json in Resources */,
				226CBD6C288C14F500CCD797 /* Assets.xcassets in Resources */,
			);
			runOnlyForDeploymentPostprocessing = 0;
		};
		226CBD4B288C14F500CCD797 /* Resources */ = {
			isa = PBXResourcesBuildPhase;
			buildActionMask = 2147483647;
			files = (
				226CBD8F288C205C00CCD797 /* movies.json in Resources */,
				224E030128B4096E00F0E314 /* Localizable.strings in Resources */,
				2219D61A28B108770084A608 /* Credits.html in Resources */,
				226CBD6D288C14F500CCD797 /* Assets.xcassets in Resources */,
			);
			runOnlyForDeploymentPostprocessing = 0;
		};
/* End PBXResourcesBuildPhase section */

/* Begin PBXSourcesBuildPhase section */
		22228E2828BA6EC800AE7F00 /* Sources */ = {
			isa = PBXSourcesBuildPhase;
			buildActionMask = 2147483647;
			files = (
				22228E3928BA6EF000AE7F00 /* MediaTests.swift in Sources */,
			);
			runOnlyForDeploymentPostprocessing = 0;
		};
		226CBD43288C14F500CCD797 /* Sources */ = {
			isa = PBXSourcesBuildPhase;
			buildActionMask = 2147483647;
			files = (
				227D72A528C3BE040000D64B /* CardErrorView.swift in Sources */,
				224C6133288CA9DA0070768D /* Networker.swift in Sources */,
				22CB1D3428B3F2FF009D9933 /* Color+Extension.swift in Sources */,
				226CBD97288C214600CCD797 /* Level.swift in Sources */,
				226CBD94288C20F900CCD797 /* MediaCategory.swift in Sources */,
				226CBD9A288C218700CCD797 /* Media.swift in Sources */,
				226CBDA2288C2D8000CCD797 /* DetailScreen.swift in Sources */,
				226CBD6A288C14F500CCD797 /* ContentView.swift in Sources */,
				226CBD7E288C180100CCD797 /* Sidebar.swift in Sources */,
				22CA9215289EDF7E0020ABFE /* CacheAsyncImage.swift in Sources */,
				227D72AF28C3BE6E0000D64B /* TextFieldClearButton.swift in Sources */,
				226CBD9E288C232300CCD797 /* FileService.swift in Sources */,
				227D72A328C3BE040000D64B /* CardView.swift in Sources */,
				2226A4CB28A7E44D005876C8 /* UserDefaultsKey.swift in Sources */,
				226CBDB6288C5CE500CCD797 /* AudioPlayerView.swift in Sources */,
				227D72A128C3BE040000D64B /* CardOnHoverView.swift in Sources */,
				227D729F28C3BE040000D64B /* PlayButtonView.swift in Sources */,
				227D72A728C3BE040000D64B /* MediaTextField.swift in Sources */,
				226CBD68288C14F500CCD797 /* FlashPopsGameApp.swift in Sources */,
				224E02FB28B407DA00F0E314 /* Localizable.swift in Sources */,
				226CBD81288C1EA600CCD797 /* Store.swift in Sources */,
			);
			runOnlyForDeploymentPostprocessing = 0;
		};
		226CBD49288C14F500CCD797 /* Sources */ = {
			isa = PBXSourcesBuildPhase;
			buildActionMask = 2147483647;
			files = (
				224C6134288CA9DA0070768D /* Networker.swift in Sources */,
				227D72B028C3BE6E0000D64B /* TextFieldClearButton.swift in Sources */,
				227D729928C380D70000D64B /* Toolbar.swift in Sources */,
				22CB1D3528B3F2FF009D9933 /* Color+Extension.swift in Sources */,
				22E868CC28C3728A00F3BAEF /* Menus.swift in Sources */,
				226CBD98288C214600CCD797 /* Level.swift in Sources */,
				227D72A628C3BE040000D64B /* CardErrorView.swift in Sources */,
				226CBD95288C20F900CCD797 /* MediaCategory.swift in Sources */,
				227D72A228C3BE040000D64B /* CardOnHoverView.swift in Sources */,
				227D72A428C3BE040000D64B /* CardView.swift in Sources */,
				226CBD9B288C218700CCD797 /* Media.swift in Sources */,
				227D72A028C3BE040000D64B /* PlayButtonView.swift in Sources */,
				226CBDA3288C2D8000CCD797 /* DetailScreen.swift in Sources */,
				226CBD6B288C14F500CCD797 /* ContentView.swift in Sources */,
				227D72A828C3BE040000D64B /* MediaTextField.swift in Sources */,
				226CBD7F288C180100CCD797 /* Sidebar.swift in Sources */,
				22CA9216289EDF7E0020ABFE /* CacheAsyncImage.swift in Sources */,
				226CBD9F288C232300CCD797 /* FileService.swift in Sources */,
				2226A4CC28A7E44D005876C8 /* UserDefaultsKey.swift in Sources */,
				226CBDB7288C5CE500CCD797 /* AudioPlayerView.swift in Sources */,
				226CBD69288C14F500CCD797 /* FlashPopsGameApp.swift in Sources */,
				224E02FC28B407DA00F0E314 /* Localizable.swift in Sources */,
				227D729728C37C400000D64B /* DisplayMode.swift in Sources */,
				226CBD82288C1EA600CCD797 /* Store.swift in Sources */,
			);
			runOnlyForDeploymentPostprocessing = 0;
		};
/* End PBXSourcesBuildPhase section */

/* Begin PBXTargetDependency section */
		22228E3128BA6EC800AE7F00 /* PBXTargetDependency */ = {
			isa = PBXTargetDependency;
			target = 226CBD4C288C14F500CCD797 /* FlashPopsGame (macOS) */;
			targetProxy = 22228E3028BA6EC800AE7F00 /* PBXContainerItemProxy */;
		};
/* End PBXTargetDependency section */

/* Begin PBXVariantGroup section */
		224E030328B4096E00F0E314 /* Localizable.strings */ = {
			isa = PBXVariantGroup;
			children = (
				224E030228B4096E00F0E314 /* pt-BR */,
				224E030428B4097B00F0E314 /* en */,
			);
			name = Localizable.strings;
			sourceTree = "<group>";
		};
		226CBD8C288C205C00CCD797 /* movies.json */ = {
			isa = PBXVariantGroup;
			children = (
				226CBD8D288C205C00CCD797 /* en */,
				226CBD91288C207000CCD797 /* pt-BR */,
			);
			name = movies.json;
			sourceTree = "<group>";
		};
/* End PBXVariantGroup section */

/* Begin XCBuildConfiguration section */
		22228E3328BA6EC800AE7F00 /* Debug */ = {
			isa = XCBuildConfiguration;
			buildSettings = {
				BUNDLE_LOADER = "$(TEST_HOST)";
				CLANG_ENABLE_MODULES = YES;
				CODE_SIGN_STYLE = Automatic;
				CURRENT_PROJECT_VERSION = 1;
				DEVELOPMENT_TEAM = QQF7JL5XW3;
				GENERATE_INFOPLIST_FILE = YES;
				LD_RUNPATH_SEARCH_PATHS = (
					"$(inherited)",
					"@executable_path/../Frameworks",
					"@loader_path/../Frameworks",
				);
				MACOSX_DEPLOYMENT_TARGET = 12.3;
				MARKETING_VERSION = 1.0;
				PRODUCT_BUNDLE_IDENTIFIER = br.com.ivan.FlashPopsGameTests;
				PRODUCT_NAME = "$(TARGET_NAME)";
				SDKROOT = macosx;
				SWIFT_EMIT_LOC_STRINGS = NO;
				SWIFT_OBJC_BRIDGING_HEADER = "FlashPopsGameTests/Source/Model/FlashPopsGameTests-Bridging-Header.h";
				SWIFT_OPTIMIZATION_LEVEL = "-Onone";
				SWIFT_VERSION = 5.0;
				TEST_HOST = "$(BUILT_PRODUCTS_DIR)/FlashPopsGame.app/Contents/MacOS/FlashPopsGame";
			};
			name = Debug;
		};
		22228E3428BA6EC800AE7F00 /* Release */ = {
			isa = XCBuildConfiguration;
			buildSettings = {
				BUNDLE_LOADER = "$(TEST_HOST)";
				CLANG_ENABLE_MODULES = YES;
				CODE_SIGN_STYLE = Automatic;
				CURRENT_PROJECT_VERSION = 1;
				DEVELOPMENT_TEAM = QQF7JL5XW3;
				GENERATE_INFOPLIST_FILE = YES;
				LD_RUNPATH_SEARCH_PATHS = (
					"$(inherited)",
					"@executable_path/../Frameworks",
					"@loader_path/../Frameworks",
				);
				MACOSX_DEPLOYMENT_TARGET = 12.3;
				MARKETING_VERSION = 1.0;
				PRODUCT_BUNDLE_IDENTIFIER = br.com.ivan.FlashPopsGameTests;
				PRODUCT_NAME = "$(TARGET_NAME)";
				SDKROOT = macosx;
				SWIFT_EMIT_LOC_STRINGS = NO;
				SWIFT_OBJC_BRIDGING_HEADER = "FlashPopsGameTests/Source/Model/FlashPopsGameTests-Bridging-Header.h";
				SWIFT_VERSION = 5.0;
				TEST_HOST = "$(BUILT_PRODUCTS_DIR)/FlashPopsGame.app/Contents/MacOS/FlashPopsGame";
			};
			name = Release;
		};
		226CBD6E288C14F500CCD797 /* Debug */ = {
			isa = XCBuildConfiguration;
			buildSettings = {
				ALWAYS_SEARCH_USER_PATHS = NO;
				CLANG_ANALYZER_NONNULL = YES;
				CLANG_ANALYZER_NUMBER_OBJECT_CONVERSION = YES_AGGRESSIVE;
				CLANG_CXX_LANGUAGE_STANDARD = "gnu++17";
				CLANG_ENABLE_MODULES = YES;
				CLANG_ENABLE_OBJC_ARC = YES;
				CLANG_ENABLE_OBJC_WEAK = YES;
				CLANG_WARN_BLOCK_CAPTURE_AUTORELEASING = YES;
				CLANG_WARN_BOOL_CONVERSION = YES;
				CLANG_WARN_COMMA = YES;
				CLANG_WARN_CONSTANT_CONVERSION = YES;
				CLANG_WARN_DEPRECATED_OBJC_IMPLEMENTATIONS = YES;
				CLANG_WARN_DIRECT_OBJC_ISA_USAGE = YES_ERROR;
				CLANG_WARN_DOCUMENTATION_COMMENTS = YES;
				CLANG_WARN_EMPTY_BODY = YES;
				CLANG_WARN_ENUM_CONVERSION = YES;
				CLANG_WARN_INFINITE_RECURSION = YES;
				CLANG_WARN_INT_CONVERSION = YES;
				CLANG_WARN_NON_LITERAL_NULL_CONVERSION = YES;
				CLANG_WARN_OBJC_IMPLICIT_RETAIN_SELF = YES;
				CLANG_WARN_OBJC_LITERAL_CONVERSION = YES;
				CLANG_WARN_OBJC_ROOT_CLASS = YES_ERROR;
				CLANG_WARN_QUOTED_INCLUDE_IN_FRAMEWORK_HEADER = YES;
				CLANG_WARN_RANGE_LOOP_ANALYSIS = YES;
				CLANG_WARN_STRICT_PROTOTYPES = YES;
				CLANG_WARN_SUSPICIOUS_MOVE = YES;
				CLANG_WARN_UNGUARDED_AVAILABILITY = YES_AGGRESSIVE;
				CLANG_WARN_UNREACHABLE_CODE = YES;
				CLANG_WARN__DUPLICATE_METHOD_MATCH = YES;
				COPY_PHASE_STRIP = NO;
				DEBUG_INFORMATION_FORMAT = dwarf;
				ENABLE_STRICT_OBJC_MSGSEND = YES;
				ENABLE_TESTABILITY = YES;
				GCC_C_LANGUAGE_STANDARD = gnu11;
				GCC_DYNAMIC_NO_PIC = NO;
				GCC_NO_COMMON_BLOCKS = YES;
				GCC_OPTIMIZATION_LEVEL = 0;
				GCC_PREPROCESSOR_DEFINITIONS = (
					"DEBUG=1",
					"$(inherited)",
				);
				GCC_WARN_64_TO_32_BIT_CONVERSION = YES;
				GCC_WARN_ABOUT_RETURN_TYPE = YES_ERROR;
				GCC_WARN_UNDECLARED_SELECTOR = YES;
				GCC_WARN_UNINITIALIZED_AUTOS = YES_AGGRESSIVE;
				GCC_WARN_UNUSED_FUNCTION = YES;
				GCC_WARN_UNUSED_VARIABLE = YES;
				MTL_ENABLE_DEBUG_INFO = INCLUDE_SOURCE;
				MTL_FAST_MATH = YES;
				ONLY_ACTIVE_ARCH = YES;
				SWIFT_ACTIVE_COMPILATION_CONDITIONS = DEBUG;
				SWIFT_OPTIMIZATION_LEVEL = "-Onone";
			};
			name = Debug;
		};
		226CBD6F288C14F500CCD797 /* Release */ = {
			isa = XCBuildConfiguration;
			buildSettings = {
				ALWAYS_SEARCH_USER_PATHS = NO;
				CLANG_ANALYZER_NONNULL = YES;
				CLANG_ANALYZER_NUMBER_OBJECT_CONVERSION = YES_AGGRESSIVE;
				CLANG_CXX_LANGUAGE_STANDARD = "gnu++17";
				CLANG_ENABLE_MODULES = YES;
				CLANG_ENABLE_OBJC_ARC = YES;
				CLANG_ENABLE_OBJC_WEAK = YES;
				CLANG_WARN_BLOCK_CAPTURE_AUTORELEASING = YES;
				CLANG_WARN_BOOL_CONVERSION = YES;
				CLANG_WARN_COMMA = YES;
				CLANG_WARN_CONSTANT_CONVERSION = YES;
				CLANG_WARN_DEPRECATED_OBJC_IMPLEMENTATIONS = YES;
				CLANG_WARN_DIRECT_OBJC_ISA_USAGE = YES_ERROR;
				CLANG_WARN_DOCUMENTATION_COMMENTS = YES;
				CLANG_WARN_EMPTY_BODY = YES;
				CLANG_WARN_ENUM_CONVERSION = YES;
				CLANG_WARN_INFINITE_RECURSION = YES;
				CLANG_WARN_INT_CONVERSION = YES;
				CLANG_WARN_NON_LITERAL_NULL_CONVERSION = YES;
				CLANG_WARN_OBJC_IMPLICIT_RETAIN_SELF = YES;
				CLANG_WARN_OBJC_LITERAL_CONVERSION = YES;
				CLANG_WARN_OBJC_ROOT_CLASS = YES_ERROR;
				CLANG_WARN_QUOTED_INCLUDE_IN_FRAMEWORK_HEADER = YES;
				CLANG_WARN_RANGE_LOOP_ANALYSIS = YES;
				CLANG_WARN_STRICT_PROTOTYPES = YES;
				CLANG_WARN_SUSPICIOUS_MOVE = YES;
				CLANG_WARN_UNGUARDED_AVAILABILITY = YES_AGGRESSIVE;
				CLANG_WARN_UNREACHABLE_CODE = YES;
				CLANG_WARN__DUPLICATE_METHOD_MATCH = YES;
				COPY_PHASE_STRIP = NO;
				DEBUG_INFORMATION_FORMAT = "dwarf-with-dsym";
				ENABLE_NS_ASSERTIONS = NO;
				ENABLE_STRICT_OBJC_MSGSEND = YES;
				GCC_C_LANGUAGE_STANDARD = gnu11;
				GCC_NO_COMMON_BLOCKS = YES;
				GCC_WARN_64_TO_32_BIT_CONVERSION = YES;
				GCC_WARN_ABOUT_RETURN_TYPE = YES_ERROR;
				GCC_WARN_UNDECLARED_SELECTOR = YES;
				GCC_WARN_UNINITIALIZED_AUTOS = YES_AGGRESSIVE;
				GCC_WARN_UNUSED_FUNCTION = YES;
				GCC_WARN_UNUSED_VARIABLE = YES;
				MTL_ENABLE_DEBUG_INFO = NO;
				MTL_FAST_MATH = YES;
				SWIFT_COMPILATION_MODE = wholemodule;
				SWIFT_OPTIMIZATION_LEVEL = "-O";
			};
			name = Release;
		};
		226CBD71288C14F500CCD797 /* Debug */ = {
			isa = XCBuildConfiguration;
			buildSettings = {
				ASSETCATALOG_COMPILER_APPICON_NAME = AppIcon;
				ASSETCATALOG_COMPILER_GLOBAL_ACCENT_COLOR_NAME = AccentColor;
				CODE_SIGN_STYLE = Automatic;
				CURRENT_PROJECT_VERSION = 1;
				DEVELOPMENT_TEAM = QQF7JL5XW3;
				ENABLE_PREVIEWS = YES;
				GENERATE_INFOPLIST_FILE = YES;
				INFOPLIST_KEY_UIApplicationSceneManifest_Generation = YES;
				INFOPLIST_KEY_UIApplicationSupportsIndirectInputEvents = YES;
				INFOPLIST_KEY_UILaunchScreen_Generation = YES;
				INFOPLIST_KEY_UISupportedInterfaceOrientations_iPad = "UIInterfaceOrientationPortrait UIInterfaceOrientationPortraitUpsideDown UIInterfaceOrientationLandscapeLeft UIInterfaceOrientationLandscapeRight";
				INFOPLIST_KEY_UISupportedInterfaceOrientations_iPhone = "UIInterfaceOrientationPortrait UIInterfaceOrientationLandscapeLeft UIInterfaceOrientationLandscapeRight";
				IPHONEOS_DEPLOYMENT_TARGET = 15.4;
				LD_RUNPATH_SEARCH_PATHS = (
					"$(inherited)",
					"@executable_path/Frameworks",
				);
				MARKETING_VERSION = 1.0;
				PRODUCT_BUNDLE_IDENTIFIER = br.com.ivan.FlashPopsGame;
				PRODUCT_NAME = FlashPopsGame;
				SDKROOT = iphoneos;
				SWIFT_EMIT_LOC_STRINGS = YES;
				SWIFT_VERSION = 5.0;
				TARGETED_DEVICE_FAMILY = "1,2";
			};
			name = Debug;
		};
		226CBD72288C14F500CCD797 /* Release */ = {
			isa = XCBuildConfiguration;
			buildSettings = {
				ASSETCATALOG_COMPILER_APPICON_NAME = AppIcon;
				ASSETCATALOG_COMPILER_GLOBAL_ACCENT_COLOR_NAME = AccentColor;
				CODE_SIGN_STYLE = Automatic;
				CURRENT_PROJECT_VERSION = 1;
				DEVELOPMENT_TEAM = QQF7JL5XW3;
				ENABLE_PREVIEWS = YES;
				GENERATE_INFOPLIST_FILE = YES;
				INFOPLIST_KEY_UIApplicationSceneManifest_Generation = YES;
				INFOPLIST_KEY_UIApplicationSupportsIndirectInputEvents = YES;
				INFOPLIST_KEY_UILaunchScreen_Generation = YES;
				INFOPLIST_KEY_UISupportedInterfaceOrientations_iPad = "UIInterfaceOrientationPortrait UIInterfaceOrientationPortraitUpsideDown UIInterfaceOrientationLandscapeLeft UIInterfaceOrientationLandscapeRight";
				INFOPLIST_KEY_UISupportedInterfaceOrientations_iPhone = "UIInterfaceOrientationPortrait UIInterfaceOrientationLandscapeLeft UIInterfaceOrientationLandscapeRight";
				IPHONEOS_DEPLOYMENT_TARGET = 15.4;
				LD_RUNPATH_SEARCH_PATHS = (
					"$(inherited)",
					"@executable_path/Frameworks",
				);
				MARKETING_VERSION = 1.0;
				PRODUCT_BUNDLE_IDENTIFIER = br.com.ivan.FlashPopsGame;
				PRODUCT_NAME = FlashPopsGame;
				SDKROOT = iphoneos;
				SWIFT_EMIT_LOC_STRINGS = YES;
				SWIFT_VERSION = 5.0;
				TARGETED_DEVICE_FAMILY = "1,2";
				VALIDATE_PRODUCT = YES;
			};
			name = Release;
		};
		226CBD74288C14F500CCD797 /* Debug */ = {
			isa = XCBuildConfiguration;
			buildSettings = {
				ASSETCATALOG_COMPILER_APPICON_NAME = AppIcon;
				ASSETCATALOG_COMPILER_GLOBAL_ACCENT_COLOR_NAME = AccentColor;
				CODE_SIGN_ENTITLEMENTS = macOS/macOS.entitlements;
				CODE_SIGN_IDENTITY = "Apple Development";
				CODE_SIGN_STYLE = Automatic;
				COMBINE_HIDPI_IMAGES = YES;
				CURRENT_PROJECT_VERSION = 1;
				DEVELOPMENT_TEAM = QQF7JL5XW3;
				ENABLE_HARDENED_RUNTIME = YES;
				ENABLE_PREVIEWS = YES;
				GENERATE_INFOPLIST_FILE = YES;
				INFOPLIST_KEY_LSApplicationCategoryType = "public.app-category.games";
				INFOPLIST_KEY_NSHumanReadableCopyright = "";
				LD_RUNPATH_SEARCH_PATHS = (
					"$(inherited)",
					"@executable_path/../Frameworks",
				);
				MACOSX_DEPLOYMENT_TARGET = 12.0;
				MARKETING_VERSION = 1.0;
				PRODUCT_BUNDLE_IDENTIFIER = br.com.ivan.FlashPopsGame;
				PRODUCT_NAME = FlashPopsGame;
				PROVISIONING_PROFILE_SPECIFIER = "";
				SDKROOT = macosx;
				SWIFT_EMIT_LOC_STRINGS = YES;
				SWIFT_VERSION = 5.0;
			};
			name = Debug;
		};
		226CBD75288C14F500CCD797 /* Release */ = {
			isa = XCBuildConfiguration;
			buildSettings = {
				ASSETCATALOG_COMPILER_APPICON_NAME = AppIcon;
				ASSETCATALOG_COMPILER_GLOBAL_ACCENT_COLOR_NAME = AccentColor;
				CODE_SIGN_ENTITLEMENTS = macOS/macOS.entitlements;
				CODE_SIGN_IDENTITY = "Apple Development";
				CODE_SIGN_STYLE = Automatic;
				COMBINE_HIDPI_IMAGES = YES;
				CURRENT_PROJECT_VERSION = 1;
				DEVELOPMENT_TEAM = QQF7JL5XW3;
				ENABLE_HARDENED_RUNTIME = YES;
				ENABLE_PREVIEWS = YES;
				GENERATE_INFOPLIST_FILE = YES;
				INFOPLIST_KEY_LSApplicationCategoryType = "public.app-category.games";
				INFOPLIST_KEY_NSHumanReadableCopyright = "";
				LD_RUNPATH_SEARCH_PATHS = (
					"$(inherited)",
					"@executable_path/../Frameworks",
				);
				MACOSX_DEPLOYMENT_TARGET = 12.0;
				MARKETING_VERSION = 1.0;
				PRODUCT_BUNDLE_IDENTIFIER = br.com.ivan.FlashPopsGame;
				PRODUCT_NAME = FlashPopsGame;
				PROVISIONING_PROFILE_SPECIFIER = "";
				SDKROOT = macosx;
				SWIFT_EMIT_LOC_STRINGS = YES;
				SWIFT_VERSION = 5.0;
			};
			name = Release;
		};
/* End XCBuildConfiguration section */

/* Begin XCConfigurationList section */
		22228E3228BA6EC800AE7F00 /* Build configuration list for PBXNativeTarget "FlashPopsGameTests" */ = {
			isa = XCConfigurationList;
			buildConfigurations = (
				22228E3328BA6EC800AE7F00 /* Debug */,
				22228E3428BA6EC800AE7F00 /* Release */,
			);
			defaultConfigurationIsVisible = 0;
			defaultConfigurationName = Release;
		};
		226CBD3E288C14F300CCD797 /* Build configuration list for PBXProject "FlashPopsGame" */ = {
			isa = XCConfigurationList;
			buildConfigurations = (
				226CBD6E288C14F500CCD797 /* Debug */,
				226CBD6F288C14F500CCD797 /* Release */,
			);
			defaultConfigurationIsVisible = 0;
			defaultConfigurationName = Release;
		};
		226CBD70288C14F500CCD797 /* Build configuration list for PBXNativeTarget "FlashPopsGame (iOS)" */ = {
			isa = XCConfigurationList;
			buildConfigurations = (
				226CBD71288C14F500CCD797 /* Debug */,
				226CBD72288C14F500CCD797 /* Release */,
			);
			defaultConfigurationIsVisible = 0;
			defaultConfigurationName = Release;
		};
		226CBD73288C14F500CCD797 /* Build configuration list for PBXNativeTarget "FlashPopsGame (macOS)" */ = {
			isa = XCConfigurationList;
			buildConfigurations = (
				226CBD74288C14F500CCD797 /* Debug */,
				226CBD75288C14F500CCD797 /* Release */,
			);
			defaultConfigurationIsVisible = 0;
			defaultConfigurationName = Release;
		};
/* End XCConfigurationList section */
	};
	rootObject = 226CBD3B288C14F300CCD797 /* Project object */;
}
